
Microsoft Visual Studio Solution File, Format Version 12.00
# Visual Studio Version 17
VisualStudioVersion = 17.7.34009.444
MinimumVisualStudioVersion = 10.0.40219.1
Project("{FAE04EC0-301F-11D3-BF4B-00C04F79EFBC}") = "TeamTracker.SYS", "TeamTracker.SYS\TeamTracker.SYS.csproj", "{3B19B219-4624-4B69-88B9-644EEDCC6DFA}"
EndProject
Project("{FAE04EC0-301F-11D3-BF4B-00C04F79EFBC}") = "TeamTracker.Core", "TeamTracker.Core\TeamTracker.Core.csproj", "{D311C37E-A2E8-4592-BA5F-2EF787D445B9}"
EndProject
Project("{FAE04EC0-301F-11D3-BF4B-00C04F79EFBC}") = "TeamTracker.EF", "TeamTracker.EF\TeamTracker.EF.csproj", "{0E1E3B67-ECBD-42B2-8355-6755C53F6313}"
EndProject
Global
	GlobalSection(SolutionConfigurationPlatforms) = preSolution
		Debug|Any CPU = Debug|Any CPU
		Release|Any CPU = Release|Any CPU
	EndGlobalSection
	GlobalSection(ProjectConfigurationPlatforms) = postSolution
		{3B19B219-4624-4B69-88B9-644EEDCC6DFA}.Debug|Any CPU.ActiveCfg = Debug|Any CPU
		{3B19B219-4624-4B69-88B9-644EEDCC6DFA}.Debug|Any CPU.Build.0 = Debug|Any CPU
		{3B19B219-4624-4B69-88B9-644EEDCC6DFA}.Release|Any CPU.ActiveCfg = Release|Any CPU
		{3B19B219-4624-4B69-88B9-644EEDCC6DFA}.Release|Any CPU.Build.0 = Release|Any CPU
		{D311C37E-A2E8-4592-BA5F-2EF787D445B9}.Debug|Any CPU.ActiveCfg = Debug|Any CPU
		{D311C37E-A2E8-4592-BA5F-2EF787D445B9}.Debug|Any CPU.Build.0 = Debug|Any CPU
		{D311C37E-A2E8-4592-BA5F-2EF787D445B9}.Release|Any CPU.ActiveCfg = Release|Any CPU
		{D311C37E-A2E8-4592-BA5F-2EF787D445B9}.Release|Any CPU.Build.0 = Release|Any CPU
		{0E1E3B67-ECBD-42B2-8355-6755C53F6313}.Debug|Any CPU.ActiveCfg = Debug|Any CPU
		{0E1E3B67-ECBD-42B2-8355-6755C53F6313}.Debug|Any CPU.Build.0 = Debug|Any CPU
		{0E1E3B67-ECBD-42B2-8355-6755C53F6313}.Release|Any CPU.ActiveCfg = Release|Any CPU
		{0E1E3B67-ECBD-42B2-8355-6755C53F6313}.Release|Any CPU.Build.0 = Release|Any CPU
	EndGlobalSection
	GlobalSection(SolutionProperties) = preSolution
		HideSolutionNode = FALSE
	EndGlobalSection
	GlobalSection(ExtensibilityGlobals) = postSolution
		SolutionGuid = {CB05E380-B0FF-4272-9F57-38954580AF6F}
	EndGlobalSection
EndGlobal
